// !$*UTF8*$!
{
	archiveVersion = 1;
	classes = {
	};
	objectVersion = 50;
	objects = {

/* Begin PBXBuildFile section */
		273B1C2E2460770300E2E5BA /* CastAndCrewSingleView.swift in Sources */ = {isa = PBXBuildFile; fileRef = 273B1C2D2460770300E2E5BA /* CastAndCrewSingleView.swift */; };
		273B1C312460778300E2E5BA /* UIView+Extension.swift in Sources */ = {isa = PBXBuildFile; fileRef = 273B1C302460778300E2E5BA /* UIView+Extension.swift */; };
		273B1C33246077B700E2E5BA /* RatingView.swift in Sources */ = {isa = PBXBuildFile; fileRef = 273B1C32246077B700E2E5BA /* RatingView.swift */; };
		273B1C362460846700E2E5BA /* GenreView.swift in Sources */ = {isa = PBXBuildFile; fileRef = 273B1C352460846700E2E5BA /* GenreView.swift */; };
		273B1C382460851E00E2E5BA /* MovieSubDetailView.swift in Sources */ = {isa = PBXBuildFile; fileRef = 273B1C372460851E00E2E5BA /* MovieSubDetailView.swift */; };
		27B87C25245F2A4F004A1D78 /* MovieDetailData.swift in Sources */ = {isa = PBXBuildFile; fileRef = 27B87C18245F2A4F004A1D78 /* MovieDetailData.swift */; };
		27B87C26245F2A4F004A1D78 /* MovieDetailView.swift in Sources */ = {isa = PBXBuildFile; fileRef = 27B87C19245F2A4F004A1D78 /* MovieDetailView.swift */; };
		27B87C27245F2A4F004A1D78 /* CastAndCrewsView.swift in Sources */ = {isa = PBXBuildFile; fileRef = 27B87C1B245F2A4F004A1D78 /* CastAndCrewsView.swift */; };
		27B87C28245F2A4F004A1D78 /* CastAndCrew.swift in Sources */ = {isa = PBXBuildFile; fileRef = 27B87C1C245F2A4F004A1D78 /* CastAndCrew.swift */; };
		27B87C29245F2A4F004A1D78 /* NameAndGenreView.swift in Sources */ = {isa = PBXBuildFile; fileRef = 27B87C1E245F2A4F004A1D78 /* NameAndGenreView.swift */; };
		27B87C2A245F2A4F004A1D78 /* MovieDescriptionView.swift in Sources */ = {isa = PBXBuildFile; fileRef = 27B87C20245F2A4F004A1D78 /* MovieDescriptionView.swift */; };
		27B87C2B245F2A4F004A1D78 /* MovieImageView.swift in Sources */ = {isa = PBXBuildFile; fileRef = 27B87C22245F2A4F004A1D78 /* MovieImageView.swift */; };
		27B87C2C245F2A4F004A1D78 /* MovieRatingsView.swift in Sources */ = {isa = PBXBuildFile; fileRef = 27B87C23245F2A4F004A1D78 /* MovieRatingsView.swift */; };
		27B87C2D245F2A4F004A1D78 /* ImageAndRatingsView.swift in Sources */ = {isa = PBXBuildFile; fileRef = 27B87C24245F2A4F004A1D78 /* ImageAndRatingsView.swift */; };
		286E4703245735E70043E74E /* API-key.plist in Resources */ = {isa = PBXBuildFile; fileRef = 286E4702245735E70043E74E /* API-key.plist */; };
		65DF5E8024572BBD008FCB11 /* AppDelegate.swift in Sources */ = {isa = PBXBuildFile; fileRef = 65DF5E7F24572BBD008FCB11 /* AppDelegate.swift */; };
		65DF5E8224572BBD008FCB11 /* SceneDelegate.swift in Sources */ = {isa = PBXBuildFile; fileRef = 65DF5E8124572BBD008FCB11 /* SceneDelegate.swift */; };
		65DF5E8424572BBD008FCB11 /* ContentView.swift in Sources */ = {isa = PBXBuildFile; fileRef = 65DF5E8324572BBD008FCB11 /* ContentView.swift */; };
		65DF5E8624572BC0008FCB11 /* Assets.xcassets in Resources */ = {isa = PBXBuildFile; fileRef = 65DF5E8524572BC0008FCB11 /* Assets.xcassets */; };
		65DF5E8924572BC0008FCB11 /* Preview Assets.xcassets in Resources */ = {isa = PBXBuildFile; fileRef = 65DF5E8824572BC0008FCB11 /* Preview Assets.xcassets */; };
		65DF5E8C24572BC0008FCB11 /* LaunchScreen.storyboard in Resources */ = {isa = PBXBuildFile; fileRef = 65DF5E8A24572BC0008FCB11 /* LaunchScreen.storyboard */; };
/* End PBXBuildFile section */

/* Begin PBXFileReference section */
		273B1C2D2460770300E2E5BA /* CastAndCrewSingleView.swift */ = {isa = PBXFileReference; lastKnownFileType = sourcecode.swift; path = CastAndCrewSingleView.swift; sourceTree = "<group>"; };
		273B1C302460778300E2E5BA /* UIView+Extension.swift */ = {isa = PBXFileReference; lastKnownFileType = sourcecode.swift; path = "UIView+Extension.swift"; sourceTree = "<group>"; };
		273B1C32246077B700E2E5BA /* RatingView.swift */ = {isa = PBXFileReference; lastKnownFileType = sourcecode.swift; path = RatingView.swift; sourceTree = "<group>"; };
		273B1C352460846700E2E5BA /* GenreView.swift */ = {isa = PBXFileReference; lastKnownFileType = sourcecode.swift; path = GenreView.swift; sourceTree = "<group>"; };
		273B1C372460851E00E2E5BA /* MovieSubDetailView.swift */ = {isa = PBXFileReference; lastKnownFileType = sourcecode.swift; path = MovieSubDetailView.swift; sourceTree = "<group>"; };
		27B87C18245F2A4F004A1D78 /* MovieDetailData.swift */ = {isa = PBXFileReference; fileEncoding = 4; lastKnownFileType = sourcecode.swift; path = MovieDetailData.swift; sourceTree = "<group>"; };
		27B87C19245F2A4F004A1D78 /* MovieDetailView.swift */ = {isa = PBXFileReference; fileEncoding = 4; lastKnownFileType = sourcecode.swift; path = MovieDetailView.swift; sourceTree = "<group>"; };
		27B87C1B245F2A4F004A1D78 /* CastAndCrewsView.swift */ = {isa = PBXFileReference; fileEncoding = 4; lastKnownFileType = sourcecode.swift; path = CastAndCrewsView.swift; sourceTree = "<group>"; };
		27B87C1C245F2A4F004A1D78 /* CastAndCrew.swift */ = {isa = PBXFileReference; fileEncoding = 4; lastKnownFileType = sourcecode.swift; path = CastAndCrew.swift; sourceTree = "<group>"; };
		27B87C1E245F2A4F004A1D78 /* NameAndGenreView.swift */ = {isa = PBXFileReference; fileEncoding = 4; lastKnownFileType = sourcecode.swift; path = NameAndGenreView.swift; sourceTree = "<group>"; };
		27B87C20245F2A4F004A1D78 /* MovieDescriptionView.swift */ = {isa = PBXFileReference; fileEncoding = 4; lastKnownFileType = sourcecode.swift; path = MovieDescriptionView.swift; sourceTree = "<group>"; };
		27B87C22245F2A4F004A1D78 /* MovieImageView.swift */ = {isa = PBXFileReference; fileEncoding = 4; lastKnownFileType = sourcecode.swift; path = MovieImageView.swift; sourceTree = "<group>"; };
		27B87C23245F2A4F004A1D78 /* MovieRatingsView.swift */ = {isa = PBXFileReference; fileEncoding = 4; lastKnownFileType = sourcecode.swift; path = MovieRatingsView.swift; sourceTree = "<group>"; };
		27B87C24245F2A4F004A1D78 /* ImageAndRatingsView.swift */ = {isa = PBXFileReference; fileEncoding = 4; lastKnownFileType = sourcecode.swift; path = ImageAndRatingsView.swift; sourceTree = "<group>"; };
		286E4702245735E70043E74E /* API-key.plist */ = {isa = PBXFileReference; lastKnownFileType = text.plist.xml; path = "API-key.plist"; sourceTree = "<group>"; };
		65DF5E7C24572BBD008FCB11 /* MovieDemoApp.app */ = {isa = PBXFileReference; explicitFileType = wrapper.application; includeInIndex = 0; path = MovieDemoApp.app; sourceTree = BUILT_PRODUCTS_DIR; };
		65DF5E7F24572BBD008FCB11 /* AppDelegate.swift */ = {isa = PBXFileReference; lastKnownFileType = sourcecode.swift; path = AppDelegate.swift; sourceTree = "<group>"; };
		65DF5E8124572BBD008FCB11 /* SceneDelegate.swift */ = {isa = PBXFileReference; lastKnownFileType = sourcecode.swift; path = SceneDelegate.swift; sourceTree = "<group>"; };
		65DF5E8324572BBD008FCB11 /* ContentView.swift */ = {isa = PBXFileReference; lastKnownFileType = sourcecode.swift; path = ContentView.swift; sourceTree = "<group>"; };
		65DF5E8524572BC0008FCB11 /* Assets.xcassets */ = {isa = PBXFileReference; lastKnownFileType = folder.assetcatalog; path = Assets.xcassets; sourceTree = "<group>"; };
		65DF5E8824572BC0008FCB11 /* Preview Assets.xcassets */ = {isa = PBXFileReference; lastKnownFileType = folder.assetcatalog; path = "Preview Assets.xcassets"; sourceTree = "<group>"; };
		65DF5E8B24572BC0008FCB11 /* Base */ = {isa = PBXFileReference; lastKnownFileType = file.storyboard; name = Base; path = Base.lproj/LaunchScreen.storyboard; sourceTree = "<group>"; };
		65DF5E8D24572BC0008FCB11 /* Info.plist */ = {isa = PBXFileReference; lastKnownFileType = text.plist.xml; path = Info.plist; sourceTree = "<group>"; };
/* End PBXFileReference section */

/* Begin PBXFrameworksBuildPhase section */
		65DF5E7924572BBD008FCB11 /* Frameworks */ = {
			isa = PBXFrameworksBuildPhase;
			buildActionMask = 2147483647;
			files = (
			);
			runOnlyForDeploymentPostprocessing = 0;
		};
/* End PBXFrameworksBuildPhase section */

/* Begin PBXGroup section */
		273B1C2F2460776200E2E5BA /* Extensions */ = {
			isa = PBXGroup;
			children = (
				273B1C302460778300E2E5BA /* UIView+Extension.swift */,
			);
			path = Extensions;
			sourceTree = "<group>";
		};
		27B87C17245F2A4F004A1D78 /* Movie Detail */ = {
			isa = PBXGroup;
			children = (
				27B87C18245F2A4F004A1D78 /* MovieDetailData.swift */,
				27B87C19245F2A4F004A1D78 /* MovieDetailView.swift */,
				27B87C21245F2A4F004A1D78 /* Movie Image and Ratings */,
				27B87C1D245F2A4F004A1D78 /* Movie Name and Genre */,
				27B87C1F245F2A4F004A1D78 /* Movie Description */,
				27B87C1A245F2A4F004A1D78 /* Cast And Crew */,
			);
			path = "Movie Detail";
			sourceTree = "<group>";
		};
		27B87C1A245F2A4F004A1D78 /* Cast And Crew */ = {
			isa = PBXGroup;
			children = (
				27B87C1C245F2A4F004A1D78 /* CastAndCrew.swift */,
				27B87C1B245F2A4F004A1D78 /* CastAndCrewsView.swift */,
				273B1C2D2460770300E2E5BA /* CastAndCrewSingleView.swift */,
			);
			path = "Cast And Crew";
			sourceTree = "<group>";
		};
		27B87C1D245F2A4F004A1D78 /* Movie Name and Genre */ = {
			isa = PBXGroup;
			children = (
				27B87C1E245F2A4F004A1D78 /* NameAndGenreView.swift */,
				273B1C372460851E00E2E5BA /* MovieSubDetailView.swift */,
				273B1C352460846700E2E5BA /* GenreView.swift */,
			);
			path = "Movie Name and Genre";
			sourceTree = "<group>";
		};
		27B87C1F245F2A4F004A1D78 /* Movie Description */ = {
			isa = PBXGroup;
			children = (
				27B87C20245F2A4F004A1D78 /* MovieDescriptionView.swift */,
			);
			path = "Movie Description";
			sourceTree = "<group>";
		};
		27B87C21245F2A4F004A1D78 /* Movie Image and Ratings */ = {
			isa = PBXGroup;
			children = (
				27B87C24245F2A4F004A1D78 /* ImageAndRatingsView.swift */,
				27B87C22245F2A4F004A1D78 /* MovieImageView.swift */,
				27B87C23245F2A4F004A1D78 /* MovieRatingsView.swift */,
				273B1C32246077B700E2E5BA /* RatingView.swift */,
			);
			path = "Movie Image and Ratings";
			sourceTree = "<group>";
		};
		65DF5E7324572BBD008FCB11 = {
			isa = PBXGroup;
			children = (
				65DF5E7E24572BBD008FCB11 /* MovieDemoApp */,
				65DF5E7D24572BBD008FCB11 /* Products */,
			);
			sourceTree = "<group>";
		};
		65DF5E7D24572BBD008FCB11 /* Products */ = {
			isa = PBXGroup;
			children = (
				65DF5E7C24572BBD008FCB11 /* MovieDemoApp.app */,
			);
			name = Products;
			sourceTree = "<group>";
		};
		65DF5E7E24572BBD008FCB11 /* MovieDemoApp */ = {
			isa = PBXGroup;
			children = (
				65DF5E8D24572BC0008FCB11 /* Info.plist */,
				65DF5E9324572BCA008FCB11 /* Models */,
				65DF5E9424572BD0008FCB11 /* View Models */,
				65DF5E9524572C68008FCB11 /* Views */,
				65DF5E9624572C86008FCB11 /* SupportingFiles */,
				273B1C2F2460776200E2E5BA /* Extensions */,
				65DF5E8724572BC0008FCB11 /* Preview Content */,
			);
			path = MovieDemoApp;
			sourceTree = "<group>";
		};
		65DF5E8724572BC0008FCB11 /* Preview Content */ = {
			isa = PBXGroup;
			children = (
				65DF5E8824572BC0008FCB11 /* Preview Assets.xcassets */,
			);
			path = "Preview Content";
			sourceTree = "<group>";
		};
		65DF5E9324572BCA008FCB11 /* Models */ = {
			isa = PBXGroup;
			children = (
			);
			path = Models;
			sourceTree = "<group>";
		};
		65DF5E9424572BD0008FCB11 /* View Models */ = {
			isa = PBXGroup;
			children = (
			);
			path = "View Models";
			sourceTree = "<group>";
		};
		65DF5E9524572C68008FCB11 /* Views */ = {
			isa = PBXGroup;
			children = (
				27B87C17245F2A4F004A1D78 /* Movie Detail */,
				65DF5E9724572CA9008FCB11 /* Home */,
			);
			path = Views;
			sourceTree = "<group>";
		};
		65DF5E9624572C86008FCB11 /* SupportingFiles */ = {
			isa = PBXGroup;
			children = (
				65DF5E8524572BC0008FCB11 /* Assets.xcassets */,
				65DF5E8A24572BC0008FCB11 /* LaunchScreen.storyboard */,
				65DF5E7F24572BBD008FCB11 /* AppDelegate.swift */,
				65DF5E8124572BBD008FCB11 /* SceneDelegate.swift */,
				286E4702245735E70043E74E /* API-key.plist */,
			);
			path = SupportingFiles;
			sourceTree = "<group>";
		};
		65DF5E9724572CA9008FCB11 /* Home */ = {
			isa = PBXGroup;
			children = (
				65DF5E8324572BBD008FCB11 /* ContentView.swift */,
			);
			path = Home;
			sourceTree = "<group>";
		};
/* End PBXGroup section */

/* Begin PBXNativeTarget section */
		65DF5E7B24572BBD008FCB11 /* MovieDemoApp */ = {
			isa = PBXNativeTarget;
			buildConfigurationList = 65DF5E9024572BC0008FCB11 /* Build configuration list for PBXNativeTarget "MovieDemoApp" */;
			buildPhases = (
				65DF5E7824572BBD008FCB11 /* Sources */,
				65DF5E7924572BBD008FCB11 /* Frameworks */,
				65DF5E7A24572BBD008FCB11 /* Resources */,
			);
			buildRules = (
			);
			dependencies = (
			);
			name = MovieDemoApp;
			productName = MovieDemoApp;
			productReference = 65DF5E7C24572BBD008FCB11 /* MovieDemoApp.app */;
			productType = "com.apple.product-type.application";
		};
/* End PBXNativeTarget section */

/* Begin PBXProject section */
		65DF5E7424572BBD008FCB11 /* Project object */ = {
			isa = PBXProject;
			attributes = {
				LastSwiftUpdateCheck = 1130;
				LastUpgradeCheck = 1130;
				ORGANIZATIONNAME = "Singh, Nilaakash Uday (US - Mumbai)";
				TargetAttributes = {
					65DF5E7B24572BBD008FCB11 = {
						CreatedOnToolsVersion = 11.3.1;
					};
				};
			};
			buildConfigurationList = 65DF5E7724572BBD008FCB11 /* Build configuration list for PBXProject "MovieDemoApp" */;
			compatibilityVersion = "Xcode 9.3";
			developmentRegion = en;
			hasScannedForEncodings = 0;
			knownRegions = (
				en,
				Base,
			);
			mainGroup = 65DF5E7324572BBD008FCB11;
			productRefGroup = 65DF5E7D24572BBD008FCB11 /* Products */;
			projectDirPath = "";
			projectRoot = "";
			targets = (
				65DF5E7B24572BBD008FCB11 /* MovieDemoApp */,
			);
		};
/* End PBXProject section */

/* Begin PBXResourcesBuildPhase section */
		65DF5E7A24572BBD008FCB11 /* Resources */ = {
			isa = PBXResourcesBuildPhase;
			buildActionMask = 2147483647;
			files = (
				65DF5E8C24572BC0008FCB11 /* LaunchScreen.storyboard in Resources */,
				65DF5E8924572BC0008FCB11 /* Preview Assets.xcassets in Resources */,
				65DF5E8624572BC0008FCB11 /* Assets.xcassets in Resources */,
				286E4703245735E70043E74E /* API-key.plist in Resources */,
			);
			runOnlyForDeploymentPostprocessing = 0;
		};
/* End PBXResourcesBuildPhase section */

/* Begin PBXSourcesBuildPhase section */
		65DF5E7824572BBD008FCB11 /* Sources */ = {
			isa = PBXSourcesBuildPhase;
			buildActionMask = 2147483647;
			files = (
				27B87C27245F2A4F004A1D78 /* CastAndCrewsView.swift in Sources */,
				27B87C29245F2A4F004A1D78 /* NameAndGenreView.swift in Sources */,
				27B87C2A245F2A4F004A1D78 /* MovieDescriptionView.swift in Sources */,
				273B1C33246077B700E2E5BA /* RatingView.swift in Sources */,
				27B87C2B245F2A4F004A1D78 /* MovieImageView.swift in Sources */,
				27B87C26245F2A4F004A1D78 /* MovieDetailView.swift in Sources */,
				273B1C382460851E00E2E5BA /* MovieSubDetailView.swift in Sources */,
				273B1C362460846700E2E5BA /* GenreView.swift in Sources */,
				65DF5E8024572BBD008FCB11 /* AppDelegate.swift in Sources */,
				273B1C2E2460770300E2E5BA /* CastAndCrewSingleView.swift in Sources */,
				27B87C25245F2A4F004A1D78 /* MovieDetailData.swift in Sources */,
				273B1C312460778300E2E5BA /* UIView+Extension.swift in Sources */,
				27B87C28245F2A4F004A1D78 /* CastAndCrew.swift in Sources */,
				65DF5E8224572BBD008FCB11 /* SceneDelegate.swift in Sources */,
				27B87C2D245F2A4F004A1D78 /* ImageAndRatingsView.swift in Sources */,
				27B87C2C245F2A4F004A1D78 /* MovieRatingsView.swift in Sources */,
				65DF5E8424572BBD008FCB11 /* ContentView.swift in Sources */,
			);
			runOnlyForDeploymentPostprocessing = 0;
		};
/* End PBXSourcesBuildPhase section */

/* Begin PBXVariantGroup section */
		65DF5E8A24572BC0008FCB11 /* LaunchScreen.storyboard */ = {
			isa = PBXVariantGroup;
			children = (
				65DF5E8B24572BC0008FCB11 /* Base */,
			);
			name = LaunchScreen.storyboard;
			sourceTree = "<group>";
		};
/* End PBXVariantGroup section */

/* Begin XCBuildConfiguration section */
		65DF5E8E24572BC0008FCB11 /* Debug */ = {
			isa = XCBuildConfiguration;
			buildSettings = {
				ALWAYS_SEARCH_USER_PATHS = NO;
				CLANG_ANALYZER_NONNULL = YES;
				CLANG_ANALYZER_NUMBER_OBJECT_CONVERSION = YES_AGGRESSIVE;
				CLANG_CXX_LANGUAGE_STANDARD = "gnu++14";
				CLANG_CXX_LIBRARY = "libc++";
				CLANG_ENABLE_MODULES = YES;
				CLANG_ENABLE_OBJC_ARC = YES;
				CLANG_ENABLE_OBJC_WEAK = YES;
				CLANG_WARN_BLOCK_CAPTURE_AUTORELEASING = YES;
				CLANG_WARN_BOOL_CONVERSION = YES;
				CLANG_WARN_COMMA = YES;
				CLANG_WARN_CONSTANT_CONVERSION = YES;
				CLANG_WARN_DEPRECATED_OBJC_IMPLEMENTATIONS = YES;
				CLANG_WARN_DIRECT_OBJC_ISA_USAGE = YES_ERROR;
				CLANG_WARN_DOCUMENTATION_COMMENTS = YES;
				CLANG_WARN_EMPTY_BODY = YES;
				CLANG_WARN_ENUM_CONVERSION = YES;
				CLANG_WARN_INFINITE_RECURSION = YES;
				CLANG_WARN_INT_CONVERSION = YES;
				CLANG_WARN_NON_LITERAL_NULL_CONVERSION = YES;
				CLANG_WARN_OBJC_IMPLICIT_RETAIN_SELF = YES;
				CLANG_WARN_OBJC_LITERAL_CONVERSION = YES;
				CLANG_WARN_OBJC_ROOT_CLASS = YES_ERROR;
				CLANG_WARN_RANGE_LOOP_ANALYSIS = YES;
				CLANG_WARN_STRICT_PROTOTYPES = YES;
				CLANG_WARN_SUSPICIOUS_MOVE = YES;
				CLANG_WARN_UNGUARDED_AVAILABILITY = YES_AGGRESSIVE;
				CLANG_WARN_UNREACHABLE_CODE = YES;
				CLANG_WARN__DUPLICATE_METHOD_MATCH = YES;
				COPY_PHASE_STRIP = NO;
				DEBUG_INFORMATION_FORMAT = dwarf;
				ENABLE_STRICT_OBJC_MSGSEND = YES;
				ENABLE_TESTABILITY = YES;
				GCC_C_LANGUAGE_STANDARD = gnu11;
				GCC_DYNAMIC_NO_PIC = NO;
				GCC_NO_COMMON_BLOCKS = YES;
				GCC_OPTIMIZATION_LEVEL = 0;
				GCC_PREPROCESSOR_DEFINITIONS = (
					"DEBUG=1",
					"$(inherited)",
				);
				GCC_WARN_64_TO_32_BIT_CONVERSION = YES;
				GCC_WARN_ABOUT_RETURN_TYPE = YES_ERROR;
				GCC_WARN_UNDECLARED_SELECTOR = YES;
				GCC_WARN_UNINITIALIZED_AUTOS = YES_AGGRESSIVE;
				GCC_WARN_UNUSED_FUNCTION = YES;
				GCC_WARN_UNUSED_VARIABLE = YES;
				IPHONEOS_DEPLOYMENT_TARGET = 13.2;
				MTL_ENABLE_DEBUG_INFO = INCLUDE_SOURCE;
				MTL_FAST_MATH = YES;
				ONLY_ACTIVE_ARCH = YES;
				SDKROOT = iphoneos;
				SWIFT_ACTIVE_COMPILATION_CONDITIONS = DEBUG;
				SWIFT_OPTIMIZATION_LEVEL = "-Onone";
			};
			name = Debug;
		};
		65DF5E8F24572BC0008FCB11 /* Release */ = {
			isa = XCBuildConfiguration;
			buildSettings = {
				ALWAYS_SEARCH_USER_PATHS = NO;
				CLANG_ANALYZER_NONNULL = YES;
				CLANG_ANALYZER_NUMBER_OBJECT_CONVERSION = YES_AGGRESSIVE;
				CLANG_CXX_LANGUAGE_STANDARD = "gnu++14";
				CLANG_CXX_LIBRARY = "libc++";
				CLANG_ENABLE_MODULES = YES;
				CLANG_ENABLE_OBJC_ARC = YES;
				CLANG_ENABLE_OBJC_WEAK = YES;
				CLANG_WARN_BLOCK_CAPTURE_AUTORELEASING = YES;
				CLANG_WARN_BOOL_CONVERSION = YES;
				CLANG_WARN_COMMA = YES;
				CLANG_WARN_CONSTANT_CONVERSION = YES;
				CLANG_WARN_DEPRECATED_OBJC_IMPLEMENTATIONS = YES;
				CLANG_WARN_DIRECT_OBJC_ISA_USAGE = YES_ERROR;
				CLANG_WARN_DOCUMENTATION_COMMENTS = YES;
				CLANG_WARN_EMPTY_BODY = YES;
				CLANG_WARN_ENUM_CONVERSION = YES;
				CLANG_WARN_INFINITE_RECURSION = YES;
				CLANG_WARN_INT_CONVERSION = YES;
				CLANG_WARN_NON_LITERAL_NULL_CONVERSION = YES;
				CLANG_WARN_OBJC_IMPLICIT_RETAIN_SELF = YES;
				CLANG_WARN_OBJC_LITERAL_CONVERSION = YES;
				CLANG_WARN_OBJC_ROOT_CLASS = YES_ERROR;
				CLANG_WARN_RANGE_LOOP_ANALYSIS = YES;
				CLANG_WARN_STRICT_PROTOTYPES = YES;
				CLANG_WARN_SUSPICIOUS_MOVE = YES;
				CLANG_WARN_UNGUARDED_AVAILABILITY = YES_AGGRESSIVE;
				CLANG_WARN_UNREACHABLE_CODE = YES;
				CLANG_WARN__DUPLICATE_METHOD_MATCH = YES;
				COPY_PHASE_STRIP = NO;
				DEBUG_INFORMATION_FORMAT = "dwarf-with-dsym";
				ENABLE_NS_ASSERTIONS = NO;
				ENABLE_STRICT_OBJC_MSGSEND = YES;
				GCC_C_LANGUAGE_STANDARD = gnu11;
				GCC_NO_COMMON_BLOCKS = YES;
				GCC_WARN_64_TO_32_BIT_CONVERSION = YES;
				GCC_WARN_ABOUT_RETURN_TYPE = YES_ERROR;
				GCC_WARN_UNDECLARED_SELECTOR = YES;
				GCC_WARN_UNINITIALIZED_AUTOS = YES_AGGRESSIVE;
				GCC_WARN_UNUSED_FUNCTION = YES;
				GCC_WARN_UNUSED_VARIABLE = YES;
				IPHONEOS_DEPLOYMENT_TARGET = 13.2;
				MTL_ENABLE_DEBUG_INFO = NO;
				MTL_FAST_MATH = YES;
				SDKROOT = iphoneos;
				SWIFT_COMPILATION_MODE = wholemodule;
				SWIFT_OPTIMIZATION_LEVEL = "-O";
				VALIDATE_PRODUCT = YES;
			};
			name = Release;
		};
		65DF5E9124572BC0008FCB11 /* Debug */ = {
			isa = XCBuildConfiguration;
			buildSettings = {
				ASSETCATALOG_COMPILER_APPICON_NAME = AppIcon;
				CODE_SIGN_STYLE = Automatic;
				DEVELOPMENT_ASSET_PATHS = "\"MovieDemoApp/Preview Content\"";
				DEVELOPMENT_TEAM = S96378EWX5;
				ENABLE_PREVIEWS = YES;
				INFOPLIST_FILE = MovieDemoApp/Info.plist;
				LD_RUNPATH_SEARCH_PATHS = (
					"$(inherited)",
					"@executable_path/Frameworks",
				);
				PRODUCT_BUNDLE_IDENTIFIER = com.deloitte.MovieDemoApp;
				PRODUCT_NAME = "$(TARGET_NAME)";
				SWIFT_VERSION = 5.0;
				TARGETED_DEVICE_FAMILY = "1,2";
			};
			name = Debug;
		};
		65DF5E9224572BC0008FCB11 /* Release */ = {
			isa = XCBuildConfiguration;
			buildSettings = {
				ASSETCATALOG_COMPILER_APPICON_NAME = AppIcon;
				CODE_SIGN_STYLE = Automatic;
				DEVELOPMENT_ASSET_PATHS = "\"MovieDemoApp/Preview Content\"";
				DEVELOPMENT_TEAM = S96378EWX5;
				ENABLE_PREVIEWS = YES;
				INFOPLIST_FILE = MovieDemoApp/Info.plist;
				LD_RUNPATH_SEARCH_PATHS = (
					"$(inherited)",
					"@executable_path/Frameworks",
				);
				PRODUCT_BUNDLE_IDENTIFIER = com.deloitte.MovieDemoApp;
				PRODUCT_NAME = "$(TARGET_NAME)";
				SWIFT_VERSION = 5.0;
				TARGETED_DEVICE_FAMILY = "1,2";
			};
			name = Release;
		};
/* End XCBuildConfiguration section */

/* Begin XCConfigurationList section */
		65DF5E7724572BBD008FCB11 /* Build configuration list for PBXProject "MovieDemoApp" */ = {
			isa = XCConfigurationList;
			buildConfigurations = (
				65DF5E8E24572BC0008FCB11 /* Debug */,
				65DF5E8F24572BC0008FCB11 /* Release */,
			);
			defaultConfigurationIsVisible = 0;
			defaultConfigurationName = Release;
		};
		65DF5E9024572BC0008FCB11 /* Build configuration list for PBXNativeTarget "MovieDemoApp" */ = {
			isa = XCConfigurationList;
			buildConfigurations = (
				65DF5E9124572BC0008FCB11 /* Debug */,
				65DF5E9224572BC0008FCB11 /* Release */,
			);
			defaultConfigurationIsVisible = 0;
			defaultConfigurationName = Release;
		};
/* End XCConfigurationList section */
	};
	rootObject = 65DF5E7424572BBD008FCB11 /* Project object */;
}
